
Microsoft Visual Studio Solution File, Format Version 12.00
# Visual Studio 2012
Project("{FAE04EC0-301F-11D3-BF4B-00C04F79EFBC}") = "001_Mocks", "001_Mocks\001_Mocks.csproj", "{9A3EDB77-5F11-42CC-BAA0-78407005D573}"
EndProject
Project("{FAE04EC0-301F-11D3-BF4B-00C04F79EFBC}") = "002_Mocks", "002_Mocks\002_Mocks.csproj", "{1DFAEBA8-17A6-453E-BC7C-A0833001146F}"
EndProject
Project("{FAE04EC0-301F-11D3-BF4B-00C04F79EFBC}") = "003_RhynoMocks", "003_RhynoMocks\003_RhynoMocks.csproj", "{284B4E45-0404-42BD-932F-BC5F467498D2}"
EndProject
Project("{FAE04EC0-301F-11D3-BF4B-00C04F79EFBC}") = "004_RhinoMocks", "004_RhinoMocks\004_RhinoMocks.csproj", "{823BBB4F-A62B-4833-B83B-D21DDEE8613C}"
EndProject
Project("{FAE04EC0-301F-11D3-BF4B-00C04F79EFBC}") = "005_DynamicVersusStrictMocks", "005_DynamicVersusStrictMocks\005_DynamicVersusStrictMocks.csproj", "{ECB63325-D9AE-4E0B-9B02-CD8447CDD8BF}"
EndProject
Project("{FAE04EC0-301F-11D3-BF4B-00C04F79EFBC}") = "006_MockReturnsValue", "006_RhinoGenerateStub\006_MockReturnsValue.csproj", "{F4E7506A-F36E-41A3-A947-ECCFB95F23F1}"
EndProject
Project("{FAE04EC0-301F-11D3-BF4B-00C04F79EFBC}") = "008_Constraints", "007_RhinoStub\008_Constraints.csproj", "{1834793A-2797-4E26-8953-00C43370FF1C}"
EndProject
Project("{FAE04EC0-301F-11D3-BF4B-00C04F79EFBC}") = "007_RhinoStubs", "007_RhinoStubs\007_RhinoStubs.csproj", "{A8AAF42C-778C-4544-9744-F9CF59B129C9}"
EndProject
Project("{FAE04EC0-301F-11D3-BF4B-00C04F79EFBC}") = "009_Constraints", "009_Constraints\009_Constraints.csproj", "{A9FC1F87-2371-4928-8EBA-A98984363665}"
EndProject
Project("{FAE04EC0-301F-11D3-BF4B-00C04F79EFBC}") = "010_ContainsConstraint", "010_ContainsConstraint\010_ContainsConstraint.csproj", "{E6FBA280-C1D3-4ECD-8EF5-D95875E68B42}"
EndProject
Project("{FAE04EC0-301F-11D3-BF4B-00C04F79EFBC}") = "011_PropertyConstraints", "011_PropertyConstraints\011_PropertyConstraints.csproj", "{A2856328-4D27-48DD-85FE-FFAB11E9F61A}"
EndProject
Project("{FAE04EC0-301F-11D3-BF4B-00C04F79EFBC}") = "012_IsMatchingConstraint", "012_IsMatchingConstraint\012_IsMatchingConstraint.csproj", "{6242D917-0962-4295-B369-2856158E74D5}"
EndProject
Project("{FAE04EC0-301F-11D3-BF4B-00C04F79EFBC}") = "013_EventRelatedTests", "013_EventRelatedTests\013_EventRelatedTests.csproj", "{9B4A752B-FF55-45F2-8C3D-CEB651F3C3DF}"
EndProject
Project("{FAE04EC0-301F-11D3-BF4B-00C04F79EFBC}") = "014_EventRaiser", "014_EventRaiser\014_EventRaiser.csproj", "{CC1A6BAE-8516-4DE7-8056-B58DD34E4D3D}"
EndProject
Project("{FAE04EC0-301F-11D3-BF4B-00C04F79EFBC}") = "015_EventTriggeredTest", "015_EventTriggeredTest\015_EventTriggeredTest.csproj", "{81AB12D3-1217-4E01-BEB8-0D6FA19B1817}"
EndProject
Project("{FAE04EC0-301F-11D3-BF4B-00C04F79EFBC}") = "EventsVerifier", "EventsVerifier\EventsVerifier.csproj", "{E7BED58F-D9D8-4A9F-97FC-619D2A2BF422}"
EndProject
Global
	GlobalSection(SolutionConfigurationPlatforms) = preSolution
		Debug|Any CPU = Debug|Any CPU
		Release|Any CPU = Release|Any CPU
	EndGlobalSection
	GlobalSection(ProjectConfigurationPlatforms) = postSolution
		{9A3EDB77-5F11-42CC-BAA0-78407005D573}.Debug|Any CPU.ActiveCfg = Debug|Any CPU
		{9A3EDB77-5F11-42CC-BAA0-78407005D573}.Debug|Any CPU.Build.0 = Debug|Any CPU
		{9A3EDB77-5F11-42CC-BAA0-78407005D573}.Release|Any CPU.ActiveCfg = Release|Any CPU
		{9A3EDB77-5F11-42CC-BAA0-78407005D573}.Release|Any CPU.Build.0 = Release|Any CPU
		{1DFAEBA8-17A6-453E-BC7C-A0833001146F}.Debug|Any CPU.ActiveCfg = Debug|Any CPU
		{1DFAEBA8-17A6-453E-BC7C-A0833001146F}.Debug|Any CPU.Build.0 = Debug|Any CPU
		{1DFAEBA8-17A6-453E-BC7C-A0833001146F}.Release|Any CPU.ActiveCfg = Release|Any CPU
		{1DFAEBA8-17A6-453E-BC7C-A0833001146F}.Release|Any CPU.Build.0 = Release|Any CPU
		{284B4E45-0404-42BD-932F-BC5F467498D2}.Debug|Any CPU.ActiveCfg = Debug|Any CPU
		{284B4E45-0404-42BD-932F-BC5F467498D2}.Debug|Any CPU.Build.0 = Debug|Any CPU
		{284B4E45-0404-42BD-932F-BC5F467498D2}.Release|Any CPU.ActiveCfg = Release|Any CPU
		{284B4E45-0404-42BD-932F-BC5F467498D2}.Release|Any CPU.Build.0 = Release|Any CPU
		{823BBB4F-A62B-4833-B83B-D21DDEE8613C}.Debug|Any CPU.ActiveCfg = Debug|Any CPU
		{823BBB4F-A62B-4833-B83B-D21DDEE8613C}.Debug|Any CPU.Build.0 = Debug|Any CPU
		{823BBB4F-A62B-4833-B83B-D21DDEE8613C}.Release|Any CPU.ActiveCfg = Release|Any CPU
		{823BBB4F-A62B-4833-B83B-D21DDEE8613C}.Release|Any CPU.Build.0 = Release|Any CPU
		{ECB63325-D9AE-4E0B-9B02-CD8447CDD8BF}.Debug|Any CPU.ActiveCfg = Debug|Any CPU
		{ECB63325-D9AE-4E0B-9B02-CD8447CDD8BF}.Debug|Any CPU.Build.0 = Debug|Any CPU
		{ECB63325-D9AE-4E0B-9B02-CD8447CDD8BF}.Release|Any CPU.ActiveCfg = Release|Any CPU
		{ECB63325-D9AE-4E0B-9B02-CD8447CDD8BF}.Release|Any CPU.Build.0 = Release|Any CPU
		{F4E7506A-F36E-41A3-A947-ECCFB95F23F1}.Debug|Any CPU.ActiveCfg = Debug|Any CPU
		{F4E7506A-F36E-41A3-A947-ECCFB95F23F1}.Debug|Any CPU.Build.0 = Debug|Any CPU
		{F4E7506A-F36E-41A3-A947-ECCFB95F23F1}.Release|Any CPU.ActiveCfg = Release|Any CPU
		{F4E7506A-F36E-41A3-A947-ECCFB95F23F1}.Release|Any CPU.Build.0 = Release|Any CPU
		{1834793A-2797-4E26-8953-00C43370FF1C}.Debug|Any CPU.ActiveCfg = Debug|Any CPU
		{1834793A-2797-4E26-8953-00C43370FF1C}.Debug|Any CPU.Build.0 = Debug|Any CPU
		{1834793A-2797-4E26-8953-00C43370FF1C}.Release|Any CPU.ActiveCfg = Release|Any CPU
		{1834793A-2797-4E26-8953-00C43370FF1C}.Release|Any CPU.Build.0 = Release|Any CPU
		{A8AAF42C-778C-4544-9744-F9CF59B129C9}.Debug|Any CPU.ActiveCfg = Debug|Any CPU
		{A8AAF42C-778C-4544-9744-F9CF59B129C9}.Debug|Any CPU.Build.0 = Debug|Any CPU
		{A8AAF42C-778C-4544-9744-F9CF59B129C9}.Release|Any CPU.ActiveCfg = Release|Any CPU
		{A8AAF42C-778C-4544-9744-F9CF59B129C9}.Release|Any CPU.Build.0 = Release|Any CPU
		{A9FC1F87-2371-4928-8EBA-A98984363665}.Debug|Any CPU.ActiveCfg = Debug|Any CPU
		{A9FC1F87-2371-4928-8EBA-A98984363665}.Debug|Any CPU.Build.0 = Debug|Any CPU
		{A9FC1F87-2371-4928-8EBA-A98984363665}.Release|Any CPU.ActiveCfg = Release|Any CPU
		{A9FC1F87-2371-4928-8EBA-A98984363665}.Release|Any CPU.Build.0 = Release|Any CPU
		{E6FBA280-C1D3-4ECD-8EF5-D95875E68B42}.Debug|Any CPU.ActiveCfg = Debug|Any CPU
		{E6FBA280-C1D3-4ECD-8EF5-D95875E68B42}.Debug|Any CPU.Build.0 = Debug|Any CPU
		{E6FBA280-C1D3-4ECD-8EF5-D95875E68B42}.Release|Any CPU.ActiveCfg = Release|Any CPU
		{E6FBA280-C1D3-4ECD-8EF5-D95875E68B42}.Release|Any CPU.Build.0 = Release|Any CPU
		{A2856328-4D27-48DD-85FE-FFAB11E9F61A}.Debug|Any CPU.ActiveCfg = Debug|Any CPU
		{A2856328-4D27-48DD-85FE-FFAB11E9F61A}.Debug|Any CPU.Build.0 = Debug|Any CPU
		{A2856328-4D27-48DD-85FE-FFAB11E9F61A}.Release|Any CPU.ActiveCfg = Release|Any CPU
		{A2856328-4D27-48DD-85FE-FFAB11E9F61A}.Release|Any CPU.Build.0 = Release|Any CPU
		{6242D917-0962-4295-B369-2856158E74D5}.Debug|Any CPU.ActiveCfg = Debug|Any CPU
		{6242D917-0962-4295-B369-2856158E74D5}.Debug|Any CPU.Build.0 = Debug|Any CPU
		{6242D917-0962-4295-B369-2856158E74D5}.Release|Any CPU.ActiveCfg = Release|Any CPU
		{6242D917-0962-4295-B369-2856158E74D5}.Release|Any CPU.Build.0 = Release|Any CPU
		{9B4A752B-FF55-45F2-8C3D-CEB651F3C3DF}.Debug|Any CPU.ActiveCfg = Debug|Any CPU
		{9B4A752B-FF55-45F2-8C3D-CEB651F3C3DF}.Debug|Any CPU.Build.0 = Debug|Any CPU
		{9B4A752B-FF55-45F2-8C3D-CEB651F3C3DF}.Release|Any CPU.ActiveCfg = Release|Any CPU
		{9B4A752B-FF55-45F2-8C3D-CEB651F3C3DF}.Release|Any CPU.Build.0 = Release|Any CPU
		{CC1A6BAE-8516-4DE7-8056-B58DD34E4D3D}.Debug|Any CPU.ActiveCfg = Debug|Any CPU
		{CC1A6BAE-8516-4DE7-8056-B58DD34E4D3D}.Debug|Any CPU.Build.0 = Debug|Any CPU
		{CC1A6BAE-8516-4DE7-8056-B58DD34E4D3D}.Release|Any CPU.ActiveCfg = Release|Any CPU
		{CC1A6BAE-8516-4DE7-8056-B58DD34E4D3D}.Release|Any CPU.Build.0 = Release|Any CPU
		{81AB12D3-1217-4E01-BEB8-0D6FA19B1817}.Debug|Any CPU.ActiveCfg = Debug|Any CPU
		{81AB12D3-1217-4E01-BEB8-0D6FA19B1817}.Debug|Any CPU.Build.0 = Debug|Any CPU
		{81AB12D3-1217-4E01-BEB8-0D6FA19B1817}.Release|Any CPU.ActiveCfg = Release|Any CPU
		{81AB12D3-1217-4E01-BEB8-0D6FA19B1817}.Release|Any CPU.Build.0 = Release|Any CPU
		{E7BED58F-D9D8-4A9F-97FC-619D2A2BF422}.Debug|Any CPU.ActiveCfg = Debug|Any CPU
		{E7BED58F-D9D8-4A9F-97FC-619D2A2BF422}.Debug|Any CPU.Build.0 = Debug|Any CPU
		{E7BED58F-D9D8-4A9F-97FC-619D2A2BF422}.Release|Any CPU.ActiveCfg = Release|Any CPU
		{E7BED58F-D9D8-4A9F-97FC-619D2A2BF422}.Release|Any CPU.Build.0 = Release|Any CPU
	EndGlobalSection
	GlobalSection(SolutionProperties) = preSolution
		HideSolutionNode = FALSE
	EndGlobalSection
EndGlobal
